
Microsoft Visual Studio Solution File, Format Version 12.00
# Visual Studio Version 17
VisualStudioVersion = 17.6.33712.159
MinimumVisualStudioVersion = 10.0.40219.1
Project("{9A19103F-16F7-4668-BE54-9A1E7A4F7556}") = "cursoADVapi", "cursoADVapi\cursoADVapi.csproj", "{E77FA08D-48BD-44A7-8EAA-8282879D774C}"
EndProject
Project("{9A19103F-16F7-4668-BE54-9A1E7A4F7556}") = "cursoADVapi.Model", "cursoADVapi.Model\cursoADVapi.Model.csproj", "{0775BA90-2721-4FA5-AB9D-3C3E7D086B38}"
EndProject
Project("{9A19103F-16F7-4668-BE54-9A1E7A4F7556}") = "cursoADVapi.Business", "cursoADVapi.Business\cursoADVapi.Business.csproj", "{5C8FC2F4-1EC9-49A3-80C9-B779C82727F6}"
EndProject
Project("{FAE04EC0-301F-11D3-BF4B-00C04F79EFBC}") = "cursoADVapi.Repository", "cursoADVapi.Repository\cursoADVapi.Repository.csproj", "{27F8D592-CA14-4F05-B8E3-62E8C9B77699}"
EndProject
Global
	GlobalSection(SolutionConfigurationPlatforms) = preSolution
		Debug|Any CPU = Debug|Any CPU
		Release|Any CPU = Release|Any CPU
	EndGlobalSection
	GlobalSection(ProjectConfigurationPlatforms) = postSolution
		{E77FA08D-48BD-44A7-8EAA-8282879D774C}.Debug|Any CPU.ActiveCfg = Debug|Any CPU
		{E77FA08D-48BD-44A7-8EAA-8282879D774C}.Debug|Any CPU.Build.0 = Debug|Any CPU
		{E77FA08D-48BD-44A7-8EAA-8282879D774C}.Release|Any CPU.ActiveCfg = Release|Any CPU
		{E77FA08D-48BD-44A7-8EAA-8282879D774C}.Release|Any CPU.Build.0 = Release|Any CPU
		{0775BA90-2721-4FA5-AB9D-3C3E7D086B38}.Debug|Any CPU.ActiveCfg = Debug|Any CPU
		{0775BA90-2721-4FA5-AB9D-3C3E7D086B38}.Debug|Any CPU.Build.0 = Debug|Any CPU
		{0775BA90-2721-4FA5-AB9D-3C3E7D086B38}.Release|Any CPU.ActiveCfg = Release|Any CPU
		{0775BA90-2721-4FA5-AB9D-3C3E7D086B38}.Release|Any CPU.Build.0 = Release|Any CPU
		{5C8FC2F4-1EC9-49A3-80C9-B779C82727F6}.Debug|Any CPU.ActiveCfg = Debug|Any CPU
		{5C8FC2F4-1EC9-49A3-80C9-B779C82727F6}.Debug|Any CPU.Build.0 = Debug|Any CPU
		{5C8FC2F4-1EC9-49A3-80C9-B779C82727F6}.Release|Any CPU.ActiveCfg = Release|Any CPU
		{5C8FC2F4-1EC9-49A3-80C9-B779C82727F6}.Release|Any CPU.Build.0 = Release|Any CPU
		{27F8D592-CA14-4F05-B8E3-62E8C9B77699}.Debug|Any CPU.ActiveCfg = Debug|Any CPU
		{27F8D592-CA14-4F05-B8E3-62E8C9B77699}.Debug|Any CPU.Build.0 = Debug|Any CPU
		{27F8D592-CA14-4F05-B8E3-62E8C9B77699}.Release|Any CPU.ActiveCfg = Release|Any CPU
		{27F8D592-CA14-4F05-B8E3-62E8C9B77699}.Release|Any CPU.Build.0 = Release|Any CPU
	EndGlobalSection
	GlobalSection(SolutionProperties) = preSolution
		HideSolutionNode = FALSE
	EndGlobalSection
	GlobalSection(ExtensibilityGlobals) = postSolution
		SolutionGuid = {CBFFE98A-9B66-4A4D-90CA-3B54838C8D99}
	EndGlobalSection
EndGlobal
